{
  "name": "ocean",
  "version": "0.0.1",
  "lockfileVersion": 1,
  "requires": true,
  "dependencies": {
    "buffer-writer": {
      "version": "2.0.0",
      "resolved": "http://registry.npm.taobao.org/buffer-writer/download/buffer-writer-2.0.0.tgz",
      "integrity": "sha1-zn64Gjj3gp2wnIc/L7t5LAyY7AQ="
    },
    "es6-error": {
      "version": "4.0.2",
      "resolved": "http://registry.npm.taobao.org/es6-error/download/es6-error-4.0.2.tgz",
      "integrity": "sha1-7sXHJurO9Rt/a3PCDbbhsTsGnJg=",
      "dev": true
    },
    "packet-reader": {
      "version": "0.3.1",
      "resolved": "http://registry.npm.taobao.org/packet-reader/download/packet-reader-0.3.1.tgz",
      "integrity": "sha1-zWLmCvjX/qinBexP+ZCHHEaHHyc="
    },
    "pg": {
      "version": "7.6.1",
      "resolved": "http://registry.npm.taobao.org/pg/download/pg-7.6.1.tgz",
      "integrity": "sha1-QsaK7Te/OLgTYW49IfQzjzUMG3k=",
      "requires": {
        "buffer-writer": "2.0.0",
        "packet-reader": "0.3.1",
        "pg-connection-string": "0.1.3",
        "pg-pool": "2.0.4",
        "pg-types": "1.12.1",
        "pgpass": "1.0.2",
        "semver": "4.3.2"
      },
      "dependencies": {
        "semver": {
          "version": "4.3.2",
          "resolved": "http://registry.npm.taobao.org/semver/download/semver-4.3.2.tgz",
          "integrity": "sha1-x6BxWKgL7dBSNVt3DYLWZA+AO+c="
        }
      }
    },
    "pg-connection-string": {
      "version": "0.1.3",
      "resolved": "http://registry.npm.taobao.org/pg-connection-string/download/pg-connection-string-0.1.3.tgz",
      "integrity": "sha1-2hhHsglA5C7hSSvq9l1J2RskXfc="
    },
    "pg-hstore": {
      "version": "2.3.2",
      "resolved": "http://registry.npm.taobao.org/pg-hstore/download/pg-hstore-2.3.2.tgz",
      "integrity": "sha1-9+8FPnubiSrphq8vfL6GQy388k8=",
      "requires": {
        "underscore": "1.9.1"
      }
    },
    "pg-pool": {
      "version": "2.0.4",
      "resolved": "http://registry.npm.taobao.org/pg-pool/download/pg-pool-2.0.4.tgz",
      "integrity": "sha1-Ba0PLZQ32JyUzMT00KRKxlrehls="
    },
    "pg-types": {
      "version": "1.12.1",
      "resolved": "http://registry.npm.taobao.org/pg-types/download/pg-types-1.12.1.tgz",
      "integrity": "sha1-1kCH45A7WP+q0nnnWVxSIIoUw9I=",
      "requires": {
        "postgres-array": "1.0.3",
        "postgres-bytea": "1.0.0",
        "postgres-date": "1.0.3",
        "postgres-interval": "1.1.2"
      }
    },
    "pgpass": {
      "version": "1.0.2",
      "resolved": "http://registry.npm.taobao.org/pgpass/download/pgpass-1.0.2.tgz",
      "integrity": "sha1-Knu0G2BltnkH6R2hsHwYR8h3swY=",
      "requires": {
        "split": "1.0.1"
      },
      "dependencies": {
        "split": {
          "version": "1.0.1",
          "resolved": "http://registry.npm.taobao.org/split/download/split-1.0.1.tgz",
          "integrity": "sha1-YFvZvjA6pZ+zX5Ip++oN3snqB9k=",
          "requires": {
            "through": "2.3.8"
          }
        },
        "through": {
          "version": "2.3.8",
          "resolved": "http://registry.npm.taobao.org/through/download/through-2.3.8.tgz",
          "integrity": "sha1-DdTJ/6q8NXlgsbckEV1+Doai4fU="
        }
      }
    },
    "postgres-array": {
      "version": "1.0.3",
      "resolved": "http://registry.npm.taobao.org/postgres-array/download/postgres-array-1.0.3.tgz",
      "integrity": "sha1-xWH8OyZrIUUfxlVThPSYbXjsgPU="
    },
    "postgres-bytea": {
      "version": "1.0.0",
      "resolved": "http://registry.npm.taobao.org/postgres-bytea/download/postgres-bytea-1.0.0.tgz",
      "integrity": "sha1-AntTPAqokOJtFy1Hz5zOzFIazTU="
    },
    "postgres-date": {
      "version": "1.0.3",
      "resolved": "http://registry.npm.taobao.org/postgres-date/download/postgres-date-1.0.3.tgz",
      "integrity": "sha1-4tiXAu/bJY/52c7g/pG9BpdSV6g="
    },
    "postgres-interval": {
      "version": "1.1.2",
      "resolved": "http://registry.npm.taobao.org/postgres-interval/download/postgres-interval-1.1.2.tgz",
      "integrity": "sha1-v3H/kCY18hyyQaAT/EIdgdHbFak=",
      "requires": {
        "xtend": "4.0.1"
      },
      "dependencies": {
        "xtend": {
          "version": "4.0.1",
          "resolved": "http://registry.npm.taobao.org/xtend/download/xtend-4.0.1.tgz",
          "integrity": "sha1-pcbVMr5lbiPbgg77lDofBJmNY68="
        }
      }
    },
    "underscore": {
      "version": "1.9.1",
      "resolved": "http://registry.npm.taobao.org/underscore/download/underscore-1.9.1.tgz",
      "integrity": "sha1-BtzjSg5op7q8KbNluOdLiSUgOWE="
    }
  }
}
